// !$*UTF8*$!
{
	archiveVersion = 1;
	classes = {
	};
	objectVersion = 46;
	objects = {

/* Begin PBXBuildFile section */
		641D7C551B0D000D00BFC95A /* Fabric.framework in Frameworks */ = {isa = PBXBuildFile; fileRef = 641D7C531B0D000D00BFC95A /* Fabric.framework */; };
		641D7C561B0D000D00BFC95A /* Crashlytics.framework in Frameworks */ = {isa = PBXBuildFile; fileRef = 641D7C541B0D000D00BFC95A /* Crashlytics.framework */; };
		647251901A8E5CE800C7D11D /* MapVC.swift in Sources */ = {isa = PBXBuildFile; fileRef = 6472518F1A8E5CE800C7D11D /* MapVC.swift */; };
		647251941A8FEBDD00C7D11D /* MapKit.framework in Frameworks */ = {isa = PBXBuildFile; fileRef = 647251931A8FEBDD00C7D11D /* MapKit.framework */; };
		647251961A90236E00C7D11D /* About.swift in Sources */ = {isa = PBXBuildFile; fileRef = 647251951A90236E00C7D11D /* About.swift */; };
		647251981A9023D500C7D11D /* Search.swift in Sources */ = {isa = PBXBuildFile; fileRef = 647251971A9023D500C7D11D /* Search.swift */; };
		6472519A1A90241F00C7D11D /* Contact.swift in Sources */ = {isa = PBXBuildFile; fileRef = 647251991A90241F00C7D11D /* Contact.swift */; };
		64775DF41B0111B0008B5990 /* Device.swift in Sources */ = {isa = PBXBuildFile; fileRef = 64775DF31B0111B0008B5990 /* Device.swift */; };
		648A32E31A82DAC200ABA0C4 /* AppDelegate.swift in Sources */ = {isa = PBXBuildFile; fileRef = 648A32E21A82DAC200ABA0C4 /* AppDelegate.swift */; };
		648A32E61A82DAC200ABA0C4 /* VCN.xcdatamodeld in Sources */ = {isa = PBXBuildFile; fileRef = 648A32E41A82DAC200ABA0C4 /* VCN.xcdatamodeld */; };
		648A32E81A82DAC200ABA0C4 /* Home.swift in Sources */ = {isa = PBXBuildFile; fileRef = 648A32E71A82DAC200ABA0C4 /* Home.swift */; };
		648A32EB1A82DAC200ABA0C4 /* Main.storyboard in Resources */ = {isa = PBXBuildFile; fileRef = 648A32E91A82DAC200ABA0C4 /* Main.storyboard */; };
		648A32ED1A82DAC300ABA0C4 /* Images.xcassets in Resources */ = {isa = PBXBuildFile; fileRef = 648A32EC1A82DAC300ABA0C4 /* Images.xcassets */; };
		648A32F01A82DAC300ABA0C4 /* LaunchScreen.xib in Resources */ = {isa = PBXBuildFile; fileRef = 648A32EE1A82DAC300ABA0C4 /* LaunchScreen.xib */; };
		648A32FC1A82DAC300ABA0C4 /* VCNTests.swift in Sources */ = {isa = PBXBuildFile; fileRef = 648A32FB1A82DAC300ABA0C4 /* VCNTests.swift */; };
		64A074811AA78560001B4E97 /* PinPointAnnotation.swift in Sources */ = {isa = PBXBuildFile; fileRef = 64A074801AA78560001B4E97 /* PinPointAnnotation.swift */; };
		64A074831AA7E257001B4E97 /* LayersSubView.swift in Sources */ = {isa = PBXBuildFile; fileRef = 64A074821AA7E257001B4E97 /* LayersSubView.swift */; };
		64A83E6D1AA43B4E00DA3AF1 /* CoreLocation.framework in Frameworks */ = {isa = PBXBuildFile; fileRef = 64A83E6C1AA43B4E00DA3AF1 /* CoreLocation.framework */; };
		64AF51361AA685F3004B0D81 /* Legend.swift in Sources */ = {isa = PBXBuildFile; fileRef = 64AF51351AA685F3004B0D81 /* Legend.swift */; };
		64B5098E1AC3EB2900AF6F53 /* Video.swift in Sources */ = {isa = PBXBuildFile; fileRef = 64B5098D1AC3EB2900AF6F53 /* Video.swift */; };
		64B509901AC612F000AF6F53 /* UIViewExtensions.swift in Sources */ = {isa = PBXBuildFile; fileRef = 64B5098F1AC612F000AF6F53 /* UIViewExtensions.swift */; };
		64B509921AC620C700AF6F53 /* Director.swift in Sources */ = {isa = PBXBuildFile; fileRef = 64B509911AC620C700AF6F53 /* Director.swift */; };
		64CFC6C11AC0407400E8F705 /* MapDetail.swift in Sources */ = {isa = PBXBuildFile; fileRef = 64CFC6C01AC0407400E8F705 /* MapDetail.swift */; };
		64D110FB1AE4A171002245D8 /* aboutSub.swift in Sources */ = {isa = PBXBuildFile; fileRef = 64D110FA1AE4A171002245D8 /* aboutSub.swift */; };
		64FC9C221AF1A2DE004F5261 /* launch.swift in Sources */ = {isa = PBXBuildFile; fileRef = 64FC9C211AF1A2DE004F5261 /* launch.swift */; };
/* End PBXBuildFile section */

/* Begin PBXContainerItemProxy section */
		648A32F61A82DAC300ABA0C4 /* PBXContainerItemProxy */ = {
			isa = PBXContainerItemProxy;
			containerPortal = 648A32D51A82DAC200ABA0C4 /* Project object */;
			proxyType = 1;
			remoteGlobalIDString = 648A32DC1A82DAC200ABA0C4;
			remoteInfo = VCN;
		};
/* End PBXContainerItemProxy section */

/* Begin PBXFileReference section */
		641D7C531B0D000D00BFC95A /* Fabric.framework */ = {isa = PBXFileReference; lastKnownFileType = wrapper.framework; path = Fabric.framework; sourceTree = "<group>"; };
		641D7C541B0D000D00BFC95A /* Crashlytics.framework */ = {isa = PBXFileReference; lastKnownFileType = wrapper.framework; path = Crashlytics.framework; sourceTree = "<group>"; };
		6472518F1A8E5CE800C7D11D /* MapVC.swift */ = {isa = PBXFileReference; fileEncoding = 4; lastKnownFileType = sourcecode.swift; path = MapVC.swift; sourceTree = "<group>"; };
		647251931A8FEBDD00C7D11D /* MapKit.framework */ = {isa = PBXFileReference; lastKnownFileType = wrapper.framework; name = MapKit.framework; path = System/Library/Frameworks/MapKit.framework; sourceTree = SDKROOT; };
		647251951A90236E00C7D11D /* About.swift */ = {isa = PBXFileReference; fileEncoding = 4; lastKnownFileType = sourcecode.swift; path = About.swift; sourceTree = "<group>"; };
		647251971A9023D500C7D11D /* Search.swift */ = {isa = PBXFileReference; fileEncoding = 4; lastKnownFileType = sourcecode.swift; path = Search.swift; sourceTree = "<group>"; };
		647251991A90241F00C7D11D /* Contact.swift */ = {isa = PBXFileReference; fileEncoding = 4; lastKnownFileType = sourcecode.swift; path = Contact.swift; sourceTree = "<group>"; };
		64775DF31B0111B0008B5990 /* Device.swift */ = {isa = PBXFileReference; fileEncoding = 4; lastKnownFileType = sourcecode.swift; path = Device.swift; sourceTree = "<group>"; };
		648A32DD1A82DAC200ABA0C4 /* Veteran Care Network.app */ = {isa = PBXFileReference; explicitFileType = wrapper.application; includeInIndex = 0; path = "Veteran Care Network.app"; sourceTree = BUILT_PRODUCTS_DIR; };
		648A32E11A82DAC200ABA0C4 /* Info.plist */ = {isa = PBXFileReference; lastKnownFileType = text.plist.xml; path = Info.plist; sourceTree = "<group>"; };
		648A32E21A82DAC200ABA0C4 /* AppDelegate.swift */ = {isa = PBXFileReference; lastKnownFileType = sourcecode.swift; path = AppDelegate.swift; sourceTree = "<group>"; };
		648A32E51A82DAC200ABA0C4 /* VCN.xcdatamodel */ = {isa = PBXFileReference; lastKnownFileType = wrapper.xcdatamodel; path = VCN.xcdatamodel; sourceTree = "<group>"; };
		648A32E71A82DAC200ABA0C4 /* Home.swift */ = {isa = PBXFileReference; lastKnownFileType = sourcecode.swift; path = Home.swift; sourceTree = "<group>"; };
		648A32EA1A82DAC200ABA0C4 /* Base */ = {isa = PBXFileReference; lastKnownFileType = file.storyboard; name = Base; path = Base.lproj/Main.storyboard; sourceTree = "<group>"; };
		648A32EC1A82DAC300ABA0C4 /* Images.xcassets */ = {isa = PBXFileReference; lastKnownFileType = folder.assetcatalog; path = Images.xcassets; sourceTree = "<group>"; };
		648A32EF1A82DAC300ABA0C4 /* Base */ = {isa = PBXFileReference; lastKnownFileType = file.xib; name = Base; path = Base.lproj/LaunchScreen.xib; sourceTree = "<group>"; };
		648A32F51A82DAC300ABA0C4 /* Veteran Care NetworkTests.xctest */ = {isa = PBXFileReference; explicitFileType = wrapper.cfbundle; includeInIndex = 0; path = "Veteran Care NetworkTests.xctest"; sourceTree = BUILT_PRODUCTS_DIR; };
		648A32FA1A82DAC300ABA0C4 /* Info.plist */ = {isa = PBXFileReference; lastKnownFileType = text.plist.xml; path = Info.plist; sourceTree = "<group>"; };
		648A32FB1A82DAC300ABA0C4 /* VCNTests.swift */ = {isa = PBXFileReference; lastKnownFileType = sourcecode.swift; path = VCNTests.swift; sourceTree = "<group>"; };
		64A074801AA78560001B4E97 /* PinPointAnnotation.swift */ = {isa = PBXFileReference; fileEncoding = 4; lastKnownFileType = sourcecode.swift; path = PinPointAnnotation.swift; sourceTree = "<group>"; };
		64A074821AA7E257001B4E97 /* LayersSubView.swift */ = {isa = PBXFileReference; fileEncoding = 4; lastKnownFileType = sourcecode.swift; path = LayersSubView.swift; sourceTree = "<group>"; };
		64A83E6C1AA43B4E00DA3AF1 /* CoreLocation.framework */ = {isa = PBXFileReference; lastKnownFileType = wrapper.framework; name = CoreLocation.framework; path = System/Library/Frameworks/CoreLocation.framework; sourceTree = SDKROOT; };
		64AF51351AA685F3004B0D81 /* Legend.swift */ = {isa = PBXFileReference; fileEncoding = 4; lastKnownFileType = sourcecode.swift; path = Legend.swift; sourceTree = "<group>"; };
		64B5098D1AC3EB2900AF6F53 /* Video.swift */ = {isa = PBXFileReference; fileEncoding = 4; lastKnownFileType = sourcecode.swift; path = Video.swift; sourceTree = "<group>"; };
		64B5098F1AC612F000AF6F53 /* UIViewExtensions.swift */ = {isa = PBXFileReference; fileEncoding = 4; lastKnownFileType = sourcecode.swift; path = UIViewExtensions.swift; sourceTree = "<group>"; };
		64B509911AC620C700AF6F53 /* Director.swift */ = {isa = PBXFileReference; fileEncoding = 4; lastKnownFileType = sourcecode.swift; path = Director.swift; sourceTree = "<group>"; };
		64CFC6C01AC0407400E8F705 /* MapDetail.swift */ = {isa = PBXFileReference; fileEncoding = 4; lastKnownFileType = sourcecode.swift; path = MapDetail.swift; sourceTree = "<group>"; };
		64D110FA1AE4A171002245D8 /* aboutSub.swift */ = {isa = PBXFileReference; fileEncoding = 4; lastKnownFileType = sourcecode.swift; path = aboutSub.swift; sourceTree = "<group>"; };
		64FC9C211AF1A2DE004F5261 /* launch.swift */ = {isa = PBXFileReference; fileEncoding = 4; lastKnownFileType = sourcecode.swift; path = launch.swift; sourceTree = "<group>"; };
/* End PBXFileReference section */

/* Begin PBXFrameworksBuildPhase section */
		648A32DA1A82DAC200ABA0C4 /* Frameworks */ = {
			isa = PBXFrameworksBuildPhase;
			buildActionMask = 2147483647;
			files = (
				64A83E6D1AA43B4E00DA3AF1 /* CoreLocation.framework in Frameworks */,
				647251941A8FEBDD00C7D11D /* MapKit.framework in Frameworks */,
				641D7C561B0D000D00BFC95A /* Crashlytics.framework in Frameworks */,
				641D7C551B0D000D00BFC95A /* Fabric.framework in Frameworks */,
			);
			runOnlyForDeploymentPostprocessing = 0;
		};
		648A32F21A82DAC300ABA0C4 /* Frameworks */ = {
			isa = PBXFrameworksBuildPhase;
			buildActionMask = 2147483647;
			files = (
			);
			runOnlyForDeploymentPostprocessing = 0;
		};
/* End PBXFrameworksBuildPhase section */

/* Begin PBXGroup section */
		648A32D41A82DAC200ABA0C4 = {
			isa = PBXGroup;
			children = (
				641D7C531B0D000D00BFC95A /* Fabric.framework */,
				641D7C541B0D000D00BFC95A /* Crashlytics.framework */,
				64A83E6C1AA43B4E00DA3AF1 /* CoreLocation.framework */,
				647251931A8FEBDD00C7D11D /* MapKit.framework */,
				648A32DF1A82DAC200ABA0C4 /* VCN */,
				648A32F81A82DAC300ABA0C4 /* VCNTests */,
				648A32DE1A82DAC200ABA0C4 /* Products */,
			);
			sourceTree = "<group>";
		};
		648A32DE1A82DAC200ABA0C4 /* Products */ = {
			isa = PBXGroup;
			children = (
				648A32DD1A82DAC200ABA0C4 /* Veteran Care Network.app */,
				648A32F51A82DAC300ABA0C4 /* Veteran Care NetworkTests.xctest */,
			);
			name = Products;
			sourceTree = "<group>";
		};
		648A32DF1A82DAC200ABA0C4 /* VCN */ = {
			isa = PBXGroup;
			children = (
				64A074821AA7E257001B4E97 /* LayersSubView.swift */,
				648A32E21A82DAC200ABA0C4 /* AppDelegate.swift */,
				648A32E71A82DAC200ABA0C4 /* Home.swift */,
				6472518F1A8E5CE800C7D11D /* MapVC.swift */,
				64AF51351AA685F3004B0D81 /* Legend.swift */,
				64CFC6C01AC0407400E8F705 /* MapDetail.swift */,
				647251951A90236E00C7D11D /* About.swift */,
				647251971A9023D500C7D11D /* Search.swift */,
				647251991A90241F00C7D11D /* Contact.swift */,
				648A32E91A82DAC200ABA0C4 /* Main.storyboard */,
				64D110FA1AE4A171002245D8 /* aboutSub.swift */,
				64B5098D1AC3EB2900AF6F53 /* Video.swift */,
				64B5098F1AC612F000AF6F53 /* UIViewExtensions.swift */,
				64A074801AA78560001B4E97 /* PinPointAnnotation.swift */,
				64B509911AC620C700AF6F53 /* Director.swift */,
				64FC9C211AF1A2DE004F5261 /* launch.swift */,
				648A32EC1A82DAC300ABA0C4 /* Images.xcassets */,
				648A32EE1A82DAC300ABA0C4 /* LaunchScreen.xib */,
				648A32E41A82DAC200ABA0C4 /* VCN.xcdatamodeld */,
				648A32E01A82DAC200ABA0C4 /* Supporting Files */,
				64775DF31B0111B0008B5990 /* Device.swift */,
			);
			path = VCN;
			sourceTree = "<group>";
		};
		648A32E01A82DAC200ABA0C4 /* Supporting Files */ = {
			isa = PBXGroup;
			children = (
				648A32E11A82DAC200ABA0C4 /* Info.plist */,
			);
			name = "Supporting Files";
			sourceTree = "<group>";
		};
		648A32F81A82DAC300ABA0C4 /* VCNTests */ = {
			isa = PBXGroup;
			children = (
				648A32FB1A82DAC300ABA0C4 /* VCNTests.swift */,
				648A32F91A82DAC300ABA0C4 /* Supporting Files */,
			);
			path = VCNTests;
			sourceTree = "<group>";
		};
		648A32F91A82DAC300ABA0C4 /* Supporting Files */ = {
			isa = PBXGroup;
			children = (
				648A32FA1A82DAC300ABA0C4 /* Info.plist */,
			);
			name = "Supporting Files";
			sourceTree = "<group>";
		};
/* End PBXGroup section */

/* Begin PBXNativeTarget section */
		648A32DC1A82DAC200ABA0C4 /* Veteran Care Network */ = {
			isa = PBXNativeTarget;
			buildConfigurationList = 648A32FF1A82DAC300ABA0C4 /* Build configuration list for PBXNativeTarget "Veteran Care Network" */;
			buildPhases = (
				648A32D91A82DAC200ABA0C4 /* Sources */,
				648A32DA1A82DAC200ABA0C4 /* Frameworks */,
				648A32DB1A82DAC200ABA0C4 /* Resources */,
				641D7C521B0CFFC600BFC95A /* ShellScript */,
			);
			buildRules = (
			);
			dependencies = (
			);
			name = "Veteran Care Network";
			productName = VCN;
			productReference = 648A32DD1A82DAC200ABA0C4 /* Veteran Care Network.app */;
			productType = "com.apple.product-type.application";
		};
		648A32F41A82DAC300ABA0C4 /* Veteran Care NetworkTests */ = {
			isa = PBXNativeTarget;
			buildConfigurationList = 648A33021A82DAC300ABA0C4 /* Build configuration list for PBXNativeTarget "Veteran Care NetworkTests" */;
			buildPhases = (
				648A32F11A82DAC300ABA0C4 /* Sources */,
				648A32F21A82DAC300ABA0C4 /* Frameworks */,
				648A32F31A82DAC300ABA0C4 /* Resources */,
			);
			buildRules = (
			);
			dependencies = (
				648A32F71A82DAC300ABA0C4 /* PBXTargetDependency */,
			);
			name = "Veteran Care NetworkTests";
			productName = VCNTests;
			productReference = 648A32F51A82DAC300ABA0C4 /* Veteran Care NetworkTests.xctest */;
			productType = "com.apple.product-type.bundle.unit-test";
		};
/* End PBXNativeTarget section */

/* Begin PBXProject section */
		648A32D51A82DAC200ABA0C4 /* Project object */ = {
			isa = PBXProject;
			attributes = {
				LastUpgradeCheck = 0610;
				ORGANIZATIONNAME = "Veteran Care Network, LLC";
				TargetAttributes = {
					648A32DC1A82DAC200ABA0C4 = {
						CreatedOnToolsVersion = 6.1.1;
						DevelopmentTeam = E69YW6W9F5;
						SystemCapabilities = {
							com.apple.Maps.iOS = {
								enabled = 1;
							};
						};
					};
					648A32F41A82DAC300ABA0C4 = {
						CreatedOnToolsVersion = 6.1.1;
						TestTargetID = 648A32DC1A82DAC200ABA0C4;
					};
				};
			};
			buildConfigurationList = 648A32D81A82DAC200ABA0C4 /* Build configuration list for PBXProject "VCN" */;
			compatibilityVersion = "Xcode 3.2";
			developmentRegion = English;
			hasScannedForEncodings = 0;
			knownRegions = (
				en,
				Base,
			);
			mainGroup = 648A32D41A82DAC200ABA0C4;
			productRefGroup = 648A32DE1A82DAC200ABA0C4 /* Products */;
			projectDirPath = "";
			projectRoot = "";
			targets = (
				648A32DC1A82DAC200ABA0C4 /* Veteran Care Network */,
				648A32F41A82DAC300ABA0C4 /* Veteran Care NetworkTests */,
			);
		};
/* End PBXProject section */

/* Begin PBXResourcesBuildPhase section */
		648A32DB1A82DAC200ABA0C4 /* Resources */ = {
			isa = PBXResourcesBuildPhase;
			buildActionMask = 2147483647;
			files = (
				648A32EB1A82DAC200ABA0C4 /* Main.storyboard in Resources */,
				648A32F01A82DAC300ABA0C4 /* LaunchScreen.xib in Resources */,
				648A32ED1A82DAC300ABA0C4 /* Images.xcassets in Resources */,
			);
			runOnlyForDeploymentPostprocessing = 0;
		};
		648A32F31A82DAC300ABA0C4 /* Resources */ = {
			isa = PBXResourcesBuildPhase;
			buildActionMask = 2147483647;
			files = (
			);
			runOnlyForDeploymentPostprocessing = 0;
		};
/* End PBXResourcesBuildPhase section */

/* Begin PBXShellScriptBuildPhase section */
		641D7C521B0CFFC600BFC95A /* ShellScript */ = {
			isa = PBXShellScriptBuildPhase;
			buildActionMask = 2147483647;
			files = (
			);
			inputPaths = (
			);
			outputPaths = (
			);
			runOnlyForDeploymentPostprocessing = 0;
			shellPath = /bin/sh;
			shellScript = "./Fabric.framework/run 4a61e9bd0fa3c8f0763153beb4ab8ca1f8281696 6aab9740e50bdd6efcd52b65483c9f6108315063fdd8d217a4fef38e66487200";
		};
/* End PBXShellScriptBuildPhase section */

/* Begin PBXSourcesBuildPhase section */
		648A32D91A82DAC200ABA0C4 /* Sources */ = {
			isa = PBXSourcesBuildPhase;
			buildActionMask = 2147483647;
			files = (
				648A32E81A82DAC200ABA0C4 /* Home.swift in Sources */,
				64B5098E1AC3EB2900AF6F53 /* Video.swift in Sources */,
				64FC9C221AF1A2DE004F5261 /* launch.swift in Sources */,
				64775DF41B0111B0008B5990 /* Device.swift in Sources */,
				647251961A90236E00C7D11D /* About.swift in Sources */,
				64B509901AC612F000AF6F53 /* UIViewExtensions.swift in Sources */,
				648A32E31A82DAC200ABA0C4 /* AppDelegate.swift in Sources */,
				64CFC6C11AC0407400E8F705 /* MapDetail.swift in Sources */,
				64A074831AA7E257001B4E97 /* LayersSubView.swift in Sources */,
				647251981A9023D500C7D11D /* Search.swift in Sources */,
				6472519A1A90241F00C7D11D /* Contact.swift in Sources */,
				64B509921AC620C700AF6F53 /* Director.swift in Sources */,
				64A074811AA78560001B4E97 /* PinPointAnnotation.swift in Sources */,
				64D110FB1AE4A171002245D8 /* aboutSub.swift in Sources */,
				647251901A8E5CE800C7D11D /* MapVC.swift in Sources */,
				64AF51361AA685F3004B0D81 /* Legend.swift in Sources */,
				648A32E61A82DAC200ABA0C4 /* VCN.xcdatamodeld in Sources */,
			);
			runOnlyForDeploymentPostprocessing = 0;
		};
		648A32F11A82DAC300ABA0C4 /* Sources */ = {
			isa = PBXSourcesBuildPhase;
			buildActionMask = 2147483647;
			files = (
				648A32FC1A82DAC300ABA0C4 /* VCNTests.swift in Sources */,
			);
			runOnlyForDeploymentPostprocessing = 0;
		};
/* End PBXSourcesBuildPhase section */

/* Begin PBXTargetDependency section */
		648A32F71A82DAC300ABA0C4 /* PBXTargetDependency */ = {
			isa = PBXTargetDependency;
			target = 648A32DC1A82DAC200ABA0C4 /* Veteran Care Network */;
			targetProxy = 648A32F61A82DAC300ABA0C4 /* PBXContainerItemProxy */;
		};
/* End PBXTargetDependency section */

/* Begin PBXVariantGroup section */
		648A32E91A82DAC200ABA0C4 /* Main.storyboard */ = {
			isa = PBXVariantGroup;
			children = (
				648A32EA1A82DAC200ABA0C4 /* Base */,
			);
			name = Main.storyboard;
			sourceTree = "<group>";
		};
		648A32EE1A82DAC300ABA0C4 /* LaunchScreen.xib */ = {
			isa = PBXVariantGroup;
			children = (
				648A32EF1A82DAC300ABA0C4 /* Base */,
			);
			name = LaunchScreen.xib;
			sourceTree = "<group>";
		};
/* End PBXVariantGroup section */

/* Begin XCBuildConfiguration section */
		648A32FD1A82DAC300ABA0C4 /* Debug */ = {
			isa = XCBuildConfiguration;
			buildSettings = {
				ALWAYS_SEARCH_USER_PATHS = NO;
				CLANG_CXX_LANGUAGE_STANDARD = "gnu++0x";
				CLANG_CXX_LIBRARY = "libc++";
				CLANG_ENABLE_MODULES = YES;
				CLANG_ENABLE_OBJC_ARC = YES;
				CLANG_WARN_BOOL_CONVERSION = YES;
				CLANG_WARN_CONSTANT_CONVERSION = YES;
				CLANG_WARN_DIRECT_OBJC_ISA_USAGE = YES_ERROR;
				CLANG_WARN_EMPTY_BODY = YES;
				CLANG_WARN_ENUM_CONVERSION = YES;
				CLANG_WARN_INT_CONVERSION = YES;
				CLANG_WARN_OBJC_ROOT_CLASS = YES_ERROR;
				CLANG_WARN_UNREACHABLE_CODE = YES;
				CLANG_WARN__DUPLICATE_METHOD_MATCH = YES;
				CODE_SIGN_IDENTITY = "iPhone Developer";
				"CODE_SIGN_IDENTITY[sdk=iphoneos*]" = "iPhone Developer: Asif Khan (HVSXCTT3DL)";
				COPY_PHASE_STRIP = NO;
				ENABLE_STRICT_OBJC_MSGSEND = YES;
				GCC_C_LANGUAGE_STANDARD = gnu99;
				GCC_DYNAMIC_NO_PIC = NO;
				GCC_OPTIMIZATION_LEVEL = 0;
				GCC_PREPROCESSOR_DEFINITIONS = (
					"DEBUG=1",
					"$(inherited)",
				);
				GCC_SYMBOLS_PRIVATE_EXTERN = NO;
				GCC_WARN_64_TO_32_BIT_CONVERSION = YES;
				GCC_WARN_ABOUT_RETURN_TYPE = YES_ERROR;
				GCC_WARN_UNDECLARED_SELECTOR = YES;
				GCC_WARN_UNINITIALIZED_AUTOS = YES_AGGRESSIVE;
				GCC_WARN_UNUSED_FUNCTION = YES;
				GCC_WARN_UNUSED_VARIABLE = YES;
				IPHONEOS_DEPLOYMENT_TARGET = 8.1;
				MTL_ENABLE_DEBUG_INFO = YES;
				ONLY_ACTIVE_ARCH = YES;
				SDKROOT = iphoneos;
				SWIFT_OPTIMIZATION_LEVEL = "-Onone";
				TARGETED_DEVICE_FAMILY = "1,2";
			};
			name = Debug;
		};
		648A32FE1A82DAC300ABA0C4 /* Release */ = {
			isa = XCBuildConfiguration;
			buildSettings = {
				ALWAYS_SEARCH_USER_PATHS = NO;
				CLANG_CXX_LANGUAGE_STANDARD = "gnu++0x";
				CLANG_CXX_LIBRARY = "libc++";
				CLANG_ENABLE_MODULES = YES;
				CLANG_ENABLE_OBJC_ARC = YES;
				CLANG_WARN_BOOL_CONVERSION = YES;
				CLANG_WARN_CONSTANT_CONVERSION = YES;
				CLANG_WARN_DIRECT_OBJC_ISA_USAGE = YES_ERROR;
				CLANG_WARN_EMPTY_BODY = YES;
				CLANG_WARN_ENUM_CONVERSION = YES;
				CLANG_WARN_INT_CONVERSION = YES;
				CLANG_WARN_OBJC_ROOT_CLASS = YES_ERROR;
				CLANG_WARN_UNREACHABLE_CODE = YES;
				CLANG_WARN__DUPLICATE_METHOD_MATCH = YES;
				CODE_SIGN_IDENTITY = "iPhone Developer";
				"CODE_SIGN_IDENTITY[sdk=iphoneos*]" = "iPhone Developer: Asif Khan (HVSXCTT3DL)";
				COPY_PHASE_STRIP = YES;
				ENABLE_NS_ASSERTIONS = NO;
				ENABLE_STRICT_OBJC_MSGSEND = YES;
				GCC_C_LANGUAGE_STANDARD = gnu99;
				GCC_WARN_64_TO_32_BIT_CONVERSION = YES;
				GCC_WARN_ABOUT_RETURN_TYPE = YES_ERROR;
				GCC_WARN_UNDECLARED_SELECTOR = YES;
				GCC_WARN_UNINITIALIZED_AUTOS = YES_AGGRESSIVE;
				GCC_WARN_UNUSED_FUNCTION = YES;
				GCC_WARN_UNUSED_VARIABLE = YES;
				IPHONEOS_DEPLOYMENT_TARGET = 8.1;
				MTL_ENABLE_DEBUG_INFO = NO;
				SDKROOT = iphoneos;
				TARGETED_DEVICE_FAMILY = "1,2";
				VALIDATE_PRODUCT = YES;
			};
			name = Release;
		};
		648A33001A82DAC300ABA0C4 /* Debug */ = {
			isa = XCBuildConfiguration;
			buildSettings = {
				ASSETCATALOG_COMPILER_APPICON_NAME = AppIcon;
				CODE_SIGN_IDENTITY = "iPhone Developer";
				"CODE_SIGN_IDENTITY[sdk=iphoneos*]" = "iPhone Developer";
				FRAMEWORK_SEARCH_PATHS = (
					"$(inherited)",
					"$(PROJECT_DIR)",
				);
				INFOPLIST_FILE = VCN/Info.plist;
				IPHONEOS_DEPLOYMENT_TARGET = 8.0;
				LD_RUNPATH_SEARCH_PATHS = "$(inherited) @executable_path/Frameworks";
				PRODUCT_NAME = "Veteran Care Network";
				PROVISIONING_PROFILE = "";
				TARGETED_DEVICE_FAMILY = "1,2";
			};
			name = Debug;
		};
		648A33011A82DAC300ABA0C4 /* Release */ = {
			isa = XCBuildConfiguration;
			buildSettings = {
				ASSETCATALOG_COMPILER_APPICON_NAME = AppIcon;
				CODE_SIGN_IDENTITY = "iPhone Developer";
				"CODE_SIGN_IDENTITY[sdk=iphoneos*]" = "iPhone Developer";
				FRAMEWORK_SEARCH_PATHS = (
					"$(inherited)",
					"$(PROJECT_DIR)",
				);
				INFOPLIST_FILE = VCN/Info.plist;
				IPHONEOS_DEPLOYMENT_TARGET = 8.0;
				LD_RUNPATH_SEARCH_PATHS = "$(inherited) @executable_path/Frameworks";
				PRODUCT_NAME = "Veteran Care Network";
				PROVISIONING_PROFILE = "";
				TARGETED_DEVICE_FAMILY = "1,2";
			};
			name = Release;
		};
		648A33031A82DAC300ABA0C4 /* Debug */ = {
			isa = XCBuildConfiguration;
			buildSettings = {
				BUNDLE_LOADER = "$(TEST_HOST)";
				FRAMEWORK_SEARCH_PATHS = (
					"$(SDKROOT)/Developer/Library/Frameworks",
					"$(inherited)",
				);
				GCC_PREPROCESSOR_DEFINITIONS = (
					"DEBUG=1",
					"$(inherited)",
				);
				INFOPLIST_FILE = VCNTests/Info.plist;
				LD_RUNPATH_SEARCH_PATHS = "$(inherited) @executable_path/Frameworks @loader_path/Frameworks";
				PRODUCT_NAME = "Veteran Care NetworkTests";
				TEST_HOST = "$(BUILT_PRODUCTS_DIR)/VCN.app/VCN";
			};
			name = Debug;
		};
		648A33041A82DAC300ABA0C4 /* Release */ = {
			isa = XCBuildConfiguration;
			buildSettings = {
				BUNDLE_LOADER = "$(TEST_HOST)";
				FRAMEWORK_SEARCH_PATHS = (
					"$(SDKROOT)/Developer/Library/Frameworks",
					"$(inherited)",
				);
				INFOPLIST_FILE = VCNTests/Info.plist;
				LD_RUNPATH_SEARCH_PATHS = "$(inherited) @executable_path/Frameworks @loader_path/Frameworks";
				PRODUCT_NAME = "Veteran Care NetworkTests";
				TEST_HOST = "$(BUILT_PRODUCTS_DIR)/VCN.app/VCN";
			};
			name = Release;
		};
/* End XCBuildConfiguration section */

/* Begin XCConfigurationList section */
		648A32D81A82DAC200ABA0C4 /* Build configuration list for PBXProject "VCN" */ = {
			isa = XCConfigurationList;
			buildConfigurations = (
				648A32FD1A82DAC300ABA0C4 /* Debug */,
				648A32FE1A82DAC300ABA0C4 /* Release */,
			);
			defaultConfigurationIsVisible = 0;
			defaultConfigurationName = Release;
		};
		648A32FF1A82DAC300ABA0C4 /* Build configuration list for PBXNativeTarget "Veteran Care Network" */ = {
			isa = XCConfigurationList;
			buildConfigurations = (
				648A33001A82DAC300ABA0C4 /* Debug */,
				648A33011A82DAC300ABA0C4 /* Release */,
			);
			defaultConfigurationIsVisible = 0;
			defaultConfigurationName = Release;
		};
		648A33021A82DAC300ABA0C4 /* Build configuration list for PBXNativeTarget "Veteran Care NetworkTests" */ = {
			isa = XCConfigurationList;
			buildConfigurations = (
				648A33031A82DAC300ABA0C4 /* Debug */,
				648A33041A82DAC300ABA0C4 /* Release */,
			);
			defaultConfigurationIsVisible = 0;
			defaultConfigurationName = Release;
		};
/* End XCConfigurationList section */

/* Begin XCVersionGroup section */
		648A32E41A82DAC200ABA0C4 /* VCN.xcdatamodeld */ = {
			isa = XCVersionGroup;
			children = (
				648A32E51A82DAC200ABA0C4 /* VCN.xcdatamodel */,
			);
			currentVersion = 648A32E51A82DAC200ABA0C4 /* VCN.xcdatamodel */;
			path = VCN.xcdatamodeld;
			sourceTree = "<group>";
			versionGroupType = wrapper.xcdatamodel;
		};
/* End XCVersionGroup section */
	};
	rootObject = 648A32D51A82DAC200ABA0C4 /* Project object */;
}
